
Microsoft Visual Studio Solution File, Format Version 12.00
# Visual Studio Version 16
VisualStudioVersion = 16.0.30804.86
MinimumVisualStudioVersion = 10.0.40219.1
Project("{9A19103F-16F7-4668-BE54-9A1E7A4F7556}") = "FasePractica.WebApp", "FasePractica.WebApp\FasePractica.WebApp.csproj", "{331361E5-E4E8-4712-B256-A154FB5B5037}"
EndProject
Project("{FAE04EC0-301F-11D3-BF4B-00C04F79EFBC}") = "FasePractica.Data", "FasePractica.Data\FasePractica.Data.csproj", "{10923AD0-D279-4346-983A-442B3873527E}"
EndProject
Project("{FAE04EC0-301F-11D3-BF4B-00C04F79EFBC}") = "FasePractica.Services", "FasePractica.Services\FasePractica.Services.csproj", "{DFACB418-6230-4FDB-AFCE-8C49F5772AFB}"
EndProject
Global
	GlobalSection(SolutionConfigurationPlatforms) = preSolution
		Debug|Any CPU = Debug|Any CPU
		Release|Any CPU = Release|Any CPU
	EndGlobalSection
	GlobalSection(ProjectConfigurationPlatforms) = postSolution
		{331361E5-E4E8-4712-B256-A154FB5B5037}.Debug|Any CPU.ActiveCfg = Debug|Any CPU
		{331361E5-E4E8-4712-B256-A154FB5B5037}.Debug|Any CPU.Build.0 = Debug|Any CPU
		{331361E5-E4E8-4712-B256-A154FB5B5037}.Release|Any CPU.ActiveCfg = Release|Any CPU
		{331361E5-E4E8-4712-B256-A154FB5B5037}.Release|Any CPU.Build.0 = Release|Any CPU
		{10923AD0-D279-4346-983A-442B3873527E}.Debug|Any CPU.ActiveCfg = Debug|Any CPU
		{10923AD0-D279-4346-983A-442B3873527E}.Debug|Any CPU.Build.0 = Debug|Any CPU
		{10923AD0-D279-4346-983A-442B3873527E}.Release|Any CPU.ActiveCfg = Release|Any CPU
		{10923AD0-D279-4346-983A-442B3873527E}.Release|Any CPU.Build.0 = Release|Any CPU
		{DFACB418-6230-4FDB-AFCE-8C49F5772AFB}.Debug|Any CPU.ActiveCfg = Debug|Any CPU
		{DFACB418-6230-4FDB-AFCE-8C49F5772AFB}.Debug|Any CPU.Build.0 = Debug|Any CPU
		{DFACB418-6230-4FDB-AFCE-8C49F5772AFB}.Release|Any CPU.ActiveCfg = Release|Any CPU
		{DFACB418-6230-4FDB-AFCE-8C49F5772AFB}.Release|Any CPU.Build.0 = Release|Any CPU
	EndGlobalSection
	GlobalSection(SolutionProperties) = preSolution
		HideSolutionNode = FALSE
	EndGlobalSection
	GlobalSection(ExtensibilityGlobals) = postSolution
		SolutionGuid = {18CC52AA-D16F-4222-827C-B64420332FB7}
	EndGlobalSection
EndGlobal
